
Microsoft Visual Studio Solution File, Format Version 12.00
# Visual Studio Version 17
VisualStudioVersion = 17.14.36623.8 d17.14
MinimumVisualStudioVersion = 10.0.40219.1
Project("{FAE04EC0-301F-11D3-BF4B-00C04F79EFBC}") = "MISA.WorkShift.Api", "MISA.WorkShift.Api\MISA.WorkShift.Api.csproj", "{82CCF8EF-10F3-4643-A5EA-C97BEC4BF652}"
EndProject
Project("{FAE04EC0-301F-11D3-BF4B-00C04F79EFBC}") = "MISA.WorkShift.Core", "MISA.WorkShift.Core\MISA.WorkShift.Core.csproj", "{4FA8D028-D774-4376-933C-7A3ED4559209}"
EndProject
Project("{FAE04EC0-301F-11D3-BF4B-00C04F79EFBC}") = "MISA.WorkShift.Infrastructure", "MISA.WorkShift.Infrastructure\MISA.WorkShift.Infrastructure.csproj", "{A6F05253-88A2-4B22-9E7A-6400DF3DAC7E}"
EndProject
Global
	GlobalSection(SolutionConfigurationPlatforms) = preSolution
		Debug|Any CPU = Debug|Any CPU
		Release|Any CPU = Release|Any CPU
	EndGlobalSection
	GlobalSection(ProjectConfigurationPlatforms) = postSolution
		{82CCF8EF-10F3-4643-A5EA-C97BEC4BF652}.Debug|Any CPU.ActiveCfg = Debug|Any CPU
		{82CCF8EF-10F3-4643-A5EA-C97BEC4BF652}.Debug|Any CPU.Build.0 = Debug|Any CPU
		{82CCF8EF-10F3-4643-A5EA-C97BEC4BF652}.Release|Any CPU.ActiveCfg = Release|Any CPU
		{82CCF8EF-10F3-4643-A5EA-C97BEC4BF652}.Release|Any CPU.Build.0 = Release|Any CPU
		{4FA8D028-D774-4376-933C-7A3ED4559209}.Debug|Any CPU.ActiveCfg = Debug|Any CPU
		{4FA8D028-D774-4376-933C-7A3ED4559209}.Debug|Any CPU.Build.0 = Debug|Any CPU
		{4FA8D028-D774-4376-933C-7A3ED4559209}.Release|Any CPU.ActiveCfg = Release|Any CPU
		{4FA8D028-D774-4376-933C-7A3ED4559209}.Release|Any CPU.Build.0 = Release|Any CPU
		{A6F05253-88A2-4B22-9E7A-6400DF3DAC7E}.Debug|Any CPU.ActiveCfg = Debug|Any CPU
		{A6F05253-88A2-4B22-9E7A-6400DF3DAC7E}.Debug|Any CPU.Build.0 = Debug|Any CPU
		{A6F05253-88A2-4B22-9E7A-6400DF3DAC7E}.Release|Any CPU.ActiveCfg = Release|Any CPU
		{A6F05253-88A2-4B22-9E7A-6400DF3DAC7E}.Release|Any CPU.Build.0 = Release|Any CPU
	EndGlobalSection
	GlobalSection(SolutionProperties) = preSolution
		HideSolutionNode = FALSE
	EndGlobalSection
	GlobalSection(ExtensibilityGlobals) = postSolution
		SolutionGuid = {42B7D464-8D78-4289-A829-4C79038B95A2}
	EndGlobalSection
EndGlobal
